
Microsoft Visual Studio Solution File, Format Version 12.00
# Visual Studio 15
VisualStudioVersion = 15.0.26403.7
MinimumVisualStudioVersion = 10.0.40219.1
Project("{FAE04EC0-301F-11D3-BF4B-00C04F79EFBC}") = "Phoenicia.API", "Phoenicia.API\Phoenicia.API.csproj", "{F18A81FB-48D3-4CD4-B83A-EC55740912A0}"
EndProject
Project("{FAE04EC0-301F-11D3-BF4B-00C04F79EFBC}") = "Phoenicia.Web", "Phoenicia.Web\Phoenicia.Web.csproj", "{D4FC098A-39A6-48C8-9E8D-015EA9DD5D69}"
EndProject
Global
	GlobalSection(SolutionConfigurationPlatforms) = preSolution
		Debug|Any CPU = Debug|Any CPU
		Release|Any CPU = Release|Any CPU
	EndGlobalSection
	GlobalSection(ProjectConfigurationPlatforms) = postSolution
		{F18A81FB-48D3-4CD4-B83A-EC55740912A0}.Debug|Any CPU.ActiveCfg = Debug|Any CPU
		{F18A81FB-48D3-4CD4-B83A-EC55740912A0}.Debug|Any CPU.Build.0 = Debug|Any CPU
		{F18A81FB-48D3-4CD4-B83A-EC55740912A0}.Release|Any CPU.ActiveCfg = Release|Any CPU
		{F18A81FB-48D3-4CD4-B83A-EC55740912A0}.Release|Any CPU.Build.0 = Release|Any CPU
		{D4FC098A-39A6-48C8-9E8D-015EA9DD5D69}.Debug|Any CPU.ActiveCfg = Debug|Any CPU
		{D4FC098A-39A6-48C8-9E8D-015EA9DD5D69}.Debug|Any CPU.Build.0 = Debug|Any CPU
		{D4FC098A-39A6-48C8-9E8D-015EA9DD5D69}.Release|Any CPU.ActiveCfg = Release|Any CPU
		{D4FC098A-39A6-48C8-9E8D-015EA9DD5D69}.Release|Any CPU.Build.0 = Release|Any CPU
	EndGlobalSection
	GlobalSection(SolutionProperties) = preSolution
		HideSolutionNode = FALSE
	EndGlobalSection
EndGlobal
